// !$*UTF8*$!
{
	archiveVersion = 1;
	classes = {
	};
	objectVersion = 46;
	objects = {

/* Begin PBXBuildFile section */
		49380D941F62D79400380CFE /* Variables.swift in Sources */ = {isa = PBXBuildFile; fileRef = 49380D931F62D79400380CFE /* Variables.swift */; };
		4948737D1F6086D4009B58F8 /* SKButton.swift in Sources */ = {isa = PBXBuildFile; fileRef = 4948737C1F6086D4009B58F8 /* SKButton.swift */; };
		BD83A1751F67340400D86563 /* LevelOne.swift in Sources */ = {isa = PBXBuildFile; fileRef = BD83A1741F67340400D86563 /* LevelOne.swift */; };
		BD83A17A1F69A39300D86563 /* PauseMenuViewController.swift in Sources */ = {isa = PBXBuildFile; fileRef = BD83A1791F69A39300D86563 /* PauseMenuViewController.swift */; };
		BD83A17E1F6B0CB300D86563 /* MainMenuViewController.swift in Sources */ = {isa = PBXBuildFile; fileRef = BD83A17D1F6B0CB300D86563 /* MainMenuViewController.swift */; };
		BD83A1801F6B0CE400D86563 /* Extensions.swift in Sources */ = {isa = PBXBuildFile; fileRef = BD83A17F1F6B0CE400D86563 /* Extensions.swift */; };
		BDBB59BB1F5DC02000AD5B9B /* AppDelegate.swift in Sources */ = {isa = PBXBuildFile; fileRef = BDBB59BA1F5DC02000AD5B9B /* AppDelegate.swift */; };
		BDBB59C11F5DC02000AD5B9B /* GameScene.swift in Sources */ = {isa = PBXBuildFile; fileRef = BDBB59C01F5DC02000AD5B9B /* GameScene.swift */; };
		BDBB59C31F5DC02000AD5B9B /* GameViewController.swift in Sources */ = {isa = PBXBuildFile; fileRef = BDBB59C21F5DC02000AD5B9B /* GameViewController.swift */; };
		BDBB59C61F5DC02000AD5B9B /* Main.storyboard in Resources */ = {isa = PBXBuildFile; fileRef = BDBB59C41F5DC02000AD5B9B /* Main.storyboard */; };
		BDBB59C81F5DC02000AD5B9B /* Assets.xcassets in Resources */ = {isa = PBXBuildFile; fileRef = BDBB59C71F5DC02000AD5B9B /* Assets.xcassets */; };
		BDBB59CB1F5DC02000AD5B9B /* LaunchScreen.storyboard in Resources */ = {isa = PBXBuildFile; fileRef = BDBB59C91F5DC02000AD5B9B /* LaunchScreen.storyboard */; };
		BDBB59D61F5DC02000AD5B9B /* MiniChallenge4Tests.swift in Sources */ = {isa = PBXBuildFile; fileRef = BDBB59D51F5DC02000AD5B9B /* MiniChallenge4Tests.swift */; };
		BDBB59E11F5DC02000AD5B9B /* MiniChallenge4UITests.swift in Sources */ = {isa = PBXBuildFile; fileRef = BDBB59E01F5DC02000AD5B9B /* MiniChallenge4UITests.swift */; };
		BDBB59F11F5DC4E600AD5B9B /* Function.swift in Sources */ = {isa = PBXBuildFile; fileRef = BDBB59F01F5DC4E600AD5B9B /* Function.swift */; };
		BDBB59F91F5ECD4A00AD5B9B /* LinearFunction.swift in Sources */ = {isa = PBXBuildFile; fileRef = BDBB59F81F5ECD4A00AD5B9B /* LinearFunction.swift */; };
		BDBB59FC1F5EE31E00AD5B9B /* SinFunction.swift in Sources */ = {isa = PBXBuildFile; fileRef = BDBB59FB1F5EE31E00AD5B9B /* SinFunction.swift */; };
		BDBB59FE1F5F154600AD5B9B /* QuadraticFunction.swift in Sources */ = {isa = PBXBuildFile; fileRef = BDBB59FD1F5F154600AD5B9B /* QuadraticFunction.swift */; };
/* End PBXBuildFile section */

/* Begin PBXContainerItemProxy section */
		BDBB59D21F5DC02000AD5B9B /* PBXContainerItemProxy */ = {
			isa = PBXContainerItemProxy;
			containerPortal = BDBB59AF1F5DC02000AD5B9B /* Project object */;
			proxyType = 1;
			remoteGlobalIDString = BDBB59B61F5DC02000AD5B9B;
			remoteInfo = MiniChallenge4;
		};
		BDBB59DD1F5DC02000AD5B9B /* PBXContainerItemProxy */ = {
			isa = PBXContainerItemProxy;
			containerPortal = BDBB59AF1F5DC02000AD5B9B /* Project object */;
			proxyType = 1;
			remoteGlobalIDString = BDBB59B61F5DC02000AD5B9B;
			remoteInfo = MiniChallenge4;
		};
/* End PBXContainerItemProxy section */

/* Begin PBXFileReference section */
		49380D931F62D79400380CFE /* Variables.swift */ = {isa = PBXFileReference; fileEncoding = 4; lastKnownFileType = sourcecode.swift; path = Variables.swift; sourceTree = "<group>"; };
		4948737C1F6086D4009B58F8 /* SKButton.swift */ = {isa = PBXFileReference; fileEncoding = 4; lastKnownFileType = sourcecode.swift; path = SKButton.swift; sourceTree = "<group>"; };
		BD83A1741F67340400D86563 /* LevelOne.swift */ = {isa = PBXFileReference; fileEncoding = 4; lastKnownFileType = sourcecode.swift; path = LevelOne.swift; sourceTree = "<group>"; };
		BD83A1791F69A39300D86563 /* PauseMenuViewController.swift */ = {isa = PBXFileReference; fileEncoding = 4; lastKnownFileType = sourcecode.swift; path = PauseMenuViewController.swift; sourceTree = "<group>"; };
		BD83A17D1F6B0CB300D86563 /* MainMenuViewController.swift */ = {isa = PBXFileReference; fileEncoding = 4; lastKnownFileType = sourcecode.swift; path = MainMenuViewController.swift; sourceTree = "<group>"; };
		BD83A17F1F6B0CE400D86563 /* Extensions.swift */ = {isa = PBXFileReference; fileEncoding = 4; lastKnownFileType = sourcecode.swift; path = Extensions.swift; sourceTree = "<group>"; };
		BDBB59B71F5DC02000AD5B9B /* MiniChallenge4.app */ = {isa = PBXFileReference; explicitFileType = wrapper.application; includeInIndex = 0; path = MiniChallenge4.app; sourceTree = BUILT_PRODUCTS_DIR; };
		BDBB59BA1F5DC02000AD5B9B /* AppDelegate.swift */ = {isa = PBXFileReference; lastKnownFileType = sourcecode.swift; path = AppDelegate.swift; sourceTree = "<group>"; };
		BDBB59C01F5DC02000AD5B9B /* GameScene.swift */ = {isa = PBXFileReference; lastKnownFileType = sourcecode.swift; path = GameScene.swift; sourceTree = "<group>"; };
		BDBB59C21F5DC02000AD5B9B /* GameViewController.swift */ = {isa = PBXFileReference; lastKnownFileType = sourcecode.swift; path = GameViewController.swift; sourceTree = "<group>"; };
		BDBB59C51F5DC02000AD5B9B /* Base */ = {isa = PBXFileReference; lastKnownFileType = file.storyboard; name = Base; path = Base.lproj/Main.storyboard; sourceTree = "<group>"; };
		BDBB59C71F5DC02000AD5B9B /* Assets.xcassets */ = {isa = PBXFileReference; lastKnownFileType = folder.assetcatalog; path = Assets.xcassets; sourceTree = "<group>"; };
		BDBB59CA1F5DC02000AD5B9B /* Base */ = {isa = PBXFileReference; lastKnownFileType = file.storyboard; name = Base; path = Base.lproj/LaunchScreen.storyboard; sourceTree = "<group>"; };
		BDBB59CC1F5DC02000AD5B9B /* Info.plist */ = {isa = PBXFileReference; lastKnownFileType = text.plist.xml; path = Info.plist; sourceTree = "<group>"; };
		BDBB59D11F5DC02000AD5B9B /* MiniChallenge4Tests.xctest */ = {isa = PBXFileReference; explicitFileType = wrapper.cfbundle; includeInIndex = 0; path = MiniChallenge4Tests.xctest; sourceTree = BUILT_PRODUCTS_DIR; };
		BDBB59D51F5DC02000AD5B9B /* MiniChallenge4Tests.swift */ = {isa = PBXFileReference; lastKnownFileType = sourcecode.swift; path = MiniChallenge4Tests.swift; sourceTree = "<group>"; };
		BDBB59D71F5DC02000AD5B9B /* Info.plist */ = {isa = PBXFileReference; lastKnownFileType = text.plist.xml; path = Info.plist; sourceTree = "<group>"; };
		BDBB59DC1F5DC02000AD5B9B /* MiniChallenge4UITests.xctest */ = {isa = PBXFileReference; explicitFileType = wrapper.cfbundle; includeInIndex = 0; path = MiniChallenge4UITests.xctest; sourceTree = BUILT_PRODUCTS_DIR; };
		BDBB59E01F5DC02000AD5B9B /* MiniChallenge4UITests.swift */ = {isa = PBXFileReference; lastKnownFileType = sourcecode.swift; path = MiniChallenge4UITests.swift; sourceTree = "<group>"; };
		BDBB59E21F5DC02000AD5B9B /* Info.plist */ = {isa = PBXFileReference; lastKnownFileType = text.plist.xml; path = Info.plist; sourceTree = "<group>"; };
		BDBB59F01F5DC4E600AD5B9B /* Function.swift */ = {isa = PBXFileReference; fileEncoding = 4; lastKnownFileType = sourcecode.swift; name = Function.swift; path = ../Function.swift; sourceTree = "<group>"; };
		BDBB59F81F5ECD4A00AD5B9B /* LinearFunction.swift */ = {isa = PBXFileReference; fileEncoding = 4; lastKnownFileType = sourcecode.swift; path = LinearFunction.swift; sourceTree = "<group>"; };
		BDBB59FB1F5EE31E00AD5B9B /* SinFunction.swift */ = {isa = PBXFileReference; fileEncoding = 4; lastKnownFileType = sourcecode.swift; path = SinFunction.swift; sourceTree = "<group>"; };
		BDBB59FD1F5F154600AD5B9B /* QuadraticFunction.swift */ = {isa = PBXFileReference; fileEncoding = 4; lastKnownFileType = sourcecode.swift; path = QuadraticFunction.swift; sourceTree = "<group>"; };
/* End PBXFileReference section */

/* Begin PBXFrameworksBuildPhase section */
		BDBB59B41F5DC02000AD5B9B /* Frameworks */ = {
			isa = PBXFrameworksBuildPhase;
			buildActionMask = 2147483647;
			files = (
			);
			runOnlyForDeploymentPostprocessing = 0;
		};
		BDBB59CE1F5DC02000AD5B9B /* Frameworks */ = {
			isa = PBXFrameworksBuildPhase;
			buildActionMask = 2147483647;
			files = (
			);
			runOnlyForDeploymentPostprocessing = 0;
		};
		BDBB59D91F5DC02000AD5B9B /* Frameworks */ = {
			isa = PBXFrameworksBuildPhase;
			buildActionMask = 2147483647;
			files = (
			);
			runOnlyForDeploymentPostprocessing = 0;
		};
/* End PBXFrameworksBuildPhase section */

/* Begin PBXGroup section */
		BD83A1761F67340800D86563 /* Levels */ = {
			isa = PBXGroup;
			children = (
				BD83A1741F67340400D86563 /* LevelOne.swift */,
			);
			name = Levels;
			sourceTree = "<group>";
		};
		BDBB59AE1F5DC02000AD5B9B = {
			isa = PBXGroup;
			children = (
				BDBB59B91F5DC02000AD5B9B /* MiniChallenge4 */,
				BDBB59D41F5DC02000AD5B9B /* MiniChallenge4Tests */,
				BDBB59DF1F5DC02000AD5B9B /* MiniChallenge4UITests */,
				BDBB59B81F5DC02000AD5B9B /* Products */,
			);
			sourceTree = "<group>";
		};
		BDBB59B81F5DC02000AD5B9B /* Products */ = {
			isa = PBXGroup;
			children = (
				BDBB59B71F5DC02000AD5B9B /* MiniChallenge4.app */,
				BDBB59D11F5DC02000AD5B9B /* MiniChallenge4Tests.xctest */,
				BDBB59DC1F5DC02000AD5B9B /* MiniChallenge4UITests.xctest */,
			);
			name = Products;
			sourceTree = "<group>";
		};
		BDBB59B91F5DC02000AD5B9B /* MiniChallenge4 */ = {
			isa = PBXGroup;
			children = (
				BDBB59FA1F5ED01200AD5B9B /* Functions */,
				BDBB59BA1F5DC02000AD5B9B /* AppDelegate.swift */,
				4948737C1F6086D4009B58F8 /* SKButton.swift */,
				BDBB59C01F5DC02000AD5B9B /* GameScene.swift */,
				49380D931F62D79400380CFE /* Variables.swift */,
				BDBB59C21F5DC02000AD5B9B /* GameViewController.swift */,
				BD83A17D1F6B0CB300D86563 /* MainMenuViewController.swift */,
				BDBB59C41F5DC02000AD5B9B /* Main.storyboard */,
				BD83A17F1F6B0CE400D86563 /* Extensions.swift */,
				BD83A1791F69A39300D86563 /* PauseMenuViewController.swift */,
				BDBB59C71F5DC02000AD5B9B /* Assets.xcassets */,
				BDBB59C91F5DC02000AD5B9B /* LaunchScreen.storyboard */,
				BDBB59CC1F5DC02000AD5B9B /* Info.plist */,
				BD83A1761F67340800D86563 /* Levels */,
			);
			path = MiniChallenge4;
			sourceTree = "<group>";
		};
		BDBB59D41F5DC02000AD5B9B /* MiniChallenge4Tests */ = {
			isa = PBXGroup;
			children = (
				BDBB59D51F5DC02000AD5B9B /* MiniChallenge4Tests.swift */,
				BDBB59D71F5DC02000AD5B9B /* Info.plist */,
			);
			path = MiniChallenge4Tests;
			sourceTree = "<group>";
		};
		BDBB59DF1F5DC02000AD5B9B /* MiniChallenge4UITests */ = {
			isa = PBXGroup;
			children = (
				BDBB59E01F5DC02000AD5B9B /* MiniChallenge4UITests.swift */,
				BDBB59E21F5DC02000AD5B9B /* Info.plist */,
			);
			path = MiniChallenge4UITests;
			sourceTree = "<group>";
		};
		BDBB59FA1F5ED01200AD5B9B /* Functions */ = {
			isa = PBXGroup;
			children = (
				BDBB59F01F5DC4E600AD5B9B /* Function.swift */,
				BDBB59F81F5ECD4A00AD5B9B /* LinearFunction.swift */,
				BDBB59FB1F5EE31E00AD5B9B /* SinFunction.swift */,
				BDBB59FD1F5F154600AD5B9B /* QuadraticFunction.swift */,
			);
			name = Functions;
			sourceTree = "<group>";
		};
/* End PBXGroup section */

/* Begin PBXNativeTarget section */
		BDBB59B61F5DC02000AD5B9B /* MiniChallenge4 */ = {
			isa = PBXNativeTarget;
			buildConfigurationList = BDBB59E51F5DC02000AD5B9B /* Build configuration list for PBXNativeTarget "MiniChallenge4" */;
			buildPhases = (
				BDBB59B31F5DC02000AD5B9B /* Sources */,
				BDBB59B41F5DC02000AD5B9B /* Frameworks */,
				BDBB59B51F5DC02000AD5B9B /* Resources */,
			);
			buildRules = (
			);
			dependencies = (
			);
			name = MiniChallenge4;
			productName = MiniChallenge4;
			productReference = BDBB59B71F5DC02000AD5B9B /* MiniChallenge4.app */;
			productType = "com.apple.product-type.application";
		};
		BDBB59D01F5DC02000AD5B9B /* MiniChallenge4Tests */ = {
			isa = PBXNativeTarget;
			buildConfigurationList = BDBB59E81F5DC02000AD5B9B /* Build configuration list for PBXNativeTarget "MiniChallenge4Tests" */;
			buildPhases = (
				BDBB59CD1F5DC02000AD5B9B /* Sources */,
				BDBB59CE1F5DC02000AD5B9B /* Frameworks */,
				BDBB59CF1F5DC02000AD5B9B /* Resources */,
			);
			buildRules = (
			);
			dependencies = (
				BDBB59D31F5DC02000AD5B9B /* PBXTargetDependency */,
			);
			name = MiniChallenge4Tests;
			productName = MiniChallenge4Tests;
			productReference = BDBB59D11F5DC02000AD5B9B /* MiniChallenge4Tests.xctest */;
			productType = "com.apple.product-type.bundle.unit-test";
		};
		BDBB59DB1F5DC02000AD5B9B /* MiniChallenge4UITests */ = {
			isa = PBXNativeTarget;
			buildConfigurationList = BDBB59EB1F5DC02000AD5B9B /* Build configuration list for PBXNativeTarget "MiniChallenge4UITests" */;
			buildPhases = (
				BDBB59D81F5DC02000AD5B9B /* Sources */,
				BDBB59D91F5DC02000AD5B9B /* Frameworks */,
				BDBB59DA1F5DC02000AD5B9B /* Resources */,
			);
			buildRules = (
			);
			dependencies = (
				BDBB59DE1F5DC02000AD5B9B /* PBXTargetDependency */,
			);
			name = MiniChallenge4UITests;
			productName = MiniChallenge4UITests;
			productReference = BDBB59DC1F5DC02000AD5B9B /* MiniChallenge4UITests.xctest */;
			productType = "com.apple.product-type.bundle.ui-testing";
		};
/* End PBXNativeTarget section */

/* Begin PBXProject section */
		BDBB59AF1F5DC02000AD5B9B /* Project object */ = {
			isa = PBXProject;
			attributes = {
				LastSwiftUpdateCheck = 0830;
				LastUpgradeCheck = 0830;
				ORGANIZATIONNAME = "Guilherme Paciulli";
				TargetAttributes = {
					BDBB59B61F5DC02000AD5B9B = {
						CreatedOnToolsVersion = 8.3.3;
						DevelopmentTeam = 53BLZ9DZN8;
						ProvisioningStyle = Automatic;
					};
					BDBB59D01F5DC02000AD5B9B = {
						CreatedOnToolsVersion = 8.3.3;
						DevelopmentTeam = VLLH384AC4;
						ProvisioningStyle = Automatic;
						TestTargetID = BDBB59B61F5DC02000AD5B9B;
					};
					BDBB59DB1F5DC02000AD5B9B = {
						CreatedOnToolsVersion = 8.3.3;
						DevelopmentTeam = VLLH384AC4;
						ProvisioningStyle = Automatic;
						TestTargetID = BDBB59B61F5DC02000AD5B9B;
					};
				};
			};
			buildConfigurationList = BDBB59B21F5DC02000AD5B9B /* Build configuration list for PBXProject "MiniChallenge4" */;
			compatibilityVersion = "Xcode 3.2";
			developmentRegion = English;
			hasScannedForEncodings = 0;
			knownRegions = (
				en,
				Base,
			);
			mainGroup = BDBB59AE1F5DC02000AD5B9B;
			productRefGroup = BDBB59B81F5DC02000AD5B9B /* Products */;
			projectDirPath = "";
			projectRoot = "";
			targets = (
				BDBB59B61F5DC02000AD5B9B /* MiniChallenge4 */,
				BDBB59D01F5DC02000AD5B9B /* MiniChallenge4Tests */,
				BDBB59DB1F5DC02000AD5B9B /* MiniChallenge4UITests */,
			);
		};
/* End PBXProject section */

/* Begin PBXResourcesBuildPhase section */
		BDBB59B51F5DC02000AD5B9B /* Resources */ = {
			isa = PBXResourcesBuildPhase;
			buildActionMask = 2147483647;
			files = (
				BDBB59C61F5DC02000AD5B9B /* Main.storyboard in Resources */,
				BDBB59C81F5DC02000AD5B9B /* Assets.xcassets in Resources */,
				BDBB59CB1F5DC02000AD5B9B /* LaunchScreen.storyboard in Resources */,
			);
			runOnlyForDeploymentPostprocessing = 0;
		};
		BDBB59CF1F5DC02000AD5B9B /* Resources */ = {
			isa = PBXResourcesBuildPhase;
			buildActionMask = 2147483647;
			files = (
			);
			runOnlyForDeploymentPostprocessing = 0;
		};
		BDBB59DA1F5DC02000AD5B9B /* Resources */ = {
			isa = PBXResourcesBuildPhase;
			buildActionMask = 2147483647;
			files = (
			);
			runOnlyForDeploymentPostprocessing = 0;
		};
/* End PBXResourcesBuildPhase section */

/* Begin PBXSourcesBuildPhase section */
		BDBB59B31F5DC02000AD5B9B /* Sources */ = {
			isa = PBXSourcesBuildPhase;
			buildActionMask = 2147483647;
			files = (
				BD83A17E1F6B0CB300D86563 /* MainMenuViewController.swift in Sources */,
				BDBB59FE1F5F154600AD5B9B /* QuadraticFunction.swift in Sources */,
				BDBB59F91F5ECD4A00AD5B9B /* LinearFunction.swift in Sources */,
				BDBB59C11F5DC02000AD5B9B /* GameScene.swift in Sources */,
				49380D941F62D79400380CFE /* Variables.swift in Sources */,
				BD83A17A1F69A39300D86563 /* PauseMenuViewController.swift in Sources */,
				4948737D1F6086D4009B58F8 /* SKButton.swift in Sources */,
				BD83A1751F67340400D86563 /* LevelOne.swift in Sources */,
				BD83A1801F6B0CE400D86563 /* Extensions.swift in Sources */,
				BDBB59F11F5DC4E600AD5B9B /* Function.swift in Sources */,
				BDBB59C31F5DC02000AD5B9B /* GameViewController.swift in Sources */,
				BDBB59FC1F5EE31E00AD5B9B /* SinFunction.swift in Sources */,
				BDBB59BB1F5DC02000AD5B9B /* AppDelegate.swift in Sources */,
			);
			runOnlyForDeploymentPostprocessing = 0;
		};
		BDBB59CD1F5DC02000AD5B9B /* Sources */ = {
			isa = PBXSourcesBuildPhase;
			buildActionMask = 2147483647;
			files = (
				BDBB59D61F5DC02000AD5B9B /* MiniChallenge4Tests.swift in Sources */,
			);
			runOnlyForDeploymentPostprocessing = 0;
		};
		BDBB59D81F5DC02000AD5B9B /* Sources */ = {
			isa = PBXSourcesBuildPhase;
			buildActionMask = 2147483647;
			files = (
				BDBB59E11F5DC02000AD5B9B /* MiniChallenge4UITests.swift in Sources */,
			);
			runOnlyForDeploymentPostprocessing = 0;
		};
/* End PBXSourcesBuildPhase section */

/* Begin PBXTargetDependency section */
		BDBB59D31F5DC02000AD5B9B /* PBXTargetDependency */ = {
			isa = PBXTargetDependency;
			target = BDBB59B61F5DC02000AD5B9B /* MiniChallenge4 */;
			targetProxy = BDBB59D21F5DC02000AD5B9B /* PBXContainerItemProxy */;
		};
		BDBB59DE1F5DC02000AD5B9B /* PBXTargetDependency */ = {
			isa = PBXTargetDependency;
			target = BDBB59B61F5DC02000AD5B9B /* MiniChallenge4 */;
			targetProxy = BDBB59DD1F5DC02000AD5B9B /* PBXContainerItemProxy */;
		};
/* End PBXTargetDependency section */

/* Begin PBXVariantGroup section */
		BDBB59C41F5DC02000AD5B9B /* Main.storyboard */ = {
			isa = PBXVariantGroup;
			children = (
				BDBB59C51F5DC02000AD5B9B /* Base */,
			);
			name = Main.storyboard;
			sourceTree = "<group>";
		};
		BDBB59C91F5DC02000AD5B9B /* LaunchScreen.storyboard */ = {
			isa = PBXVariantGroup;
			children = (
				BDBB59CA1F5DC02000AD5B9B /* Base */,
			);
			name = LaunchScreen.storyboard;
			sourceTree = "<group>";
		};
/* End PBXVariantGroup section */

/* Begin XCBuildConfiguration section */
		BDBB59E31F5DC02000AD5B9B /* Debug */ = {
			isa = XCBuildConfiguration;
			buildSettings = {
				ALWAYS_SEARCH_USER_PATHS = NO;
				CLANG_ANALYZER_NONNULL = YES;
				CLANG_ANALYZER_NUMBER_OBJECT_CONVERSION = YES_AGGRESSIVE;
				CLANG_CXX_LANGUAGE_STANDARD = "gnu++0x";
				CLANG_CXX_LIBRARY = "libc++";
				CLANG_ENABLE_MODULES = YES;
				CLANG_ENABLE_OBJC_ARC = YES;
				CLANG_WARN_BOOL_CONVERSION = YES;
				CLANG_WARN_CONSTANT_CONVERSION = YES;
				CLANG_WARN_DIRECT_OBJC_ISA_USAGE = YES_ERROR;
				CLANG_WARN_DOCUMENTATION_COMMENTS = YES;
				CLANG_WARN_EMPTY_BODY = YES;
				CLANG_WARN_ENUM_CONVERSION = YES;
				CLANG_WARN_INFINITE_RECURSION = YES;
				CLANG_WARN_INT_CONVERSION = YES;
				CLANG_WARN_OBJC_ROOT_CLASS = YES_ERROR;
				CLANG_WARN_SUSPICIOUS_MOVE = YES;
				CLANG_WARN_UNREACHABLE_CODE = YES;
				CLANG_WARN__DUPLICATE_METHOD_MATCH = YES;
				"CODE_SIGN_IDENTITY[sdk=iphoneos*]" = "iPhone Developer";
				COPY_PHASE_STRIP = NO;
				DEBUG_INFORMATION_FORMAT = dwarf;
				ENABLE_STRICT_OBJC_MSGSEND = YES;
				ENABLE_TESTABILITY = YES;
				GCC_C_LANGUAGE_STANDARD = gnu99;
				GCC_DYNAMIC_NO_PIC = NO;
				GCC_NO_COMMON_BLOCKS = YES;
				GCC_OPTIMIZATION_LEVEL = 0;
				GCC_PREPROCESSOR_DEFINITIONS = (
					"DEBUG=1",
					"$(inherited)",
				);
				GCC_WARN_64_TO_32_BIT_CONVERSION = YES;
				GCC_WARN_ABOUT_RETURN_TYPE = YES_ERROR;
				GCC_WARN_UNDECLARED_SELECTOR = YES;
				GCC_WARN_UNINITIALIZED_AUTOS = YES_AGGRESSIVE;
				GCC_WARN_UNUSED_FUNCTION = YES;
				GCC_WARN_UNUSED_VARIABLE = YES;
				IPHONEOS_DEPLOYMENT_TARGET = 10.3;
				MTL_ENABLE_DEBUG_INFO = YES;
				ONLY_ACTIVE_ARCH = YES;
				SDKROOT = iphoneos;
				SWIFT_ACTIVE_COMPILATION_CONDITIONS = DEBUG;
				SWIFT_OPTIMIZATION_LEVEL = "-Onone";
			};
			name = Debug;
		};
		BDBB59E41F5DC02000AD5B9B /* Release */ = {
			isa = XCBuildConfiguration;
			buildSettings = {
				ALWAYS_SEARCH_USER_PATHS = NO;
				CLANG_ANALYZER_NONNULL = YES;
				CLANG_ANALYZER_NUMBER_OBJECT_CONVERSION = YES_AGGRESSIVE;
				CLANG_CXX_LANGUAGE_STANDARD = "gnu++0x";
				CLANG_CXX_LIBRARY = "libc++";
				CLANG_ENABLE_MODULES = YES;
				CLANG_ENABLE_OBJC_ARC = YES;
				CLANG_WARN_BOOL_CONVERSION = YES;
				CLANG_WARN_CONSTANT_CONVERSION = YES;
				CLANG_WARN_DIRECT_OBJC_ISA_USAGE = YES_ERROR;
				CLANG_WARN_DOCUMENTATION_COMMENTS = YES;
				CLANG_WARN_EMPTY_BODY = YES;
				CLANG_WARN_ENUM_CONVERSION = YES;
				CLANG_WARN_INFINITE_RECURSION = YES;
				CLANG_WARN_INT_CONVERSION = YES;
				CLANG_WARN_OBJC_ROOT_CLASS = YES_ERROR;
				CLANG_WARN_SUSPICIOUS_MOVE = YES;
				CLANG_WARN_UNREACHABLE_CODE = YES;
				CLANG_WARN__DUPLICATE_METHOD_MATCH = YES;
				"CODE_SIGN_IDENTITY[sdk=iphoneos*]" = "iPhone Developer";
				COPY_PHASE_STRIP = NO;
				DEBUG_INFORMATION_FORMAT = "dwarf-with-dsym";
				ENABLE_NS_ASSERTIONS = NO;
				ENABLE_STRICT_OBJC_MSGSEND = YES;
				GCC_C_LANGUAGE_STANDARD = gnu99;
				GCC_NO_COMMON_BLOCKS = YES;
				GCC_WARN_64_TO_32_BIT_CONVERSION = YES;
				GCC_WARN_ABOUT_RETURN_TYPE = YES_ERROR;
				GCC_WARN_UNDECLARED_SELECTOR = YES;
				GCC_WARN_UNINITIALIZED_AUTOS = YES_AGGRESSIVE;
				GCC_WARN_UNUSED_FUNCTION = YES;
				GCC_WARN_UNUSED_VARIABLE = YES;
				IPHONEOS_DEPLOYMENT_TARGET = 10.3;
				MTL_ENABLE_DEBUG_INFO = NO;
				SDKROOT = iphoneos;
				SWIFT_OPTIMIZATION_LEVEL = "-Owholemodule";
				VALIDATE_PRODUCT = YES;
			};
			name = Release;
		};
		BDBB59E61F5DC02000AD5B9B /* Debug */ = {
			isa = XCBuildConfiguration;
			buildSettings = {
				ASSETCATALOG_COMPILER_APPICON_NAME = AppIcon;
				DEVELOPMENT_TEAM = 53BLZ9DZN8;
				INFOPLIST_FILE = MiniChallenge4/Info.plist;
				LD_RUNPATH_SEARCH_PATHS = "$(inherited) @executable_path/Frameworks";
				PRODUCT_BUNDLE_IDENTIFIER = br.mackMobile.anarchyCompany.MiniChallenge4;
				PRODUCT_NAME = "$(TARGET_NAME)";
				SWIFT_VERSION = 3.0;
			};
			name = Debug;
		};
		BDBB59E71F5DC02000AD5B9B /* Release */ = {
			isa = XCBuildConfiguration;
			buildSettings = {
				ASSETCATALOG_COMPILER_APPICON_NAME = AppIcon;
				DEVELOPMENT_TEAM = 53BLZ9DZN8;
				INFOPLIST_FILE = MiniChallenge4/Info.plist;
				LD_RUNPATH_SEARCH_PATHS = "$(inherited) @executable_path/Frameworks";
				PRODUCT_BUNDLE_IDENTIFIER = br.mackMobile.anarchyCompany.MiniChallenge4;
				PRODUCT_NAME = "$(TARGET_NAME)";
				SWIFT_VERSION = 3.0;
			};
			name = Release;
		};
		BDBB59E91F5DC02000AD5B9B /* Debug */ = {
			isa = XCBuildConfiguration;
			buildSettings = {
				ALWAYS_EMBED_SWIFT_STANDARD_LIBRARIES = YES;
				BUNDLE_LOADER = "$(TEST_HOST)";
				DEVELOPMENT_TEAM = VLLH384AC4;
				INFOPLIST_FILE = MiniChallenge4Tests/Info.plist;
				LD_RUNPATH_SEARCH_PATHS = "$(inherited) @executable_path/Frameworks @loader_path/Frameworks";
				PRODUCT_BUNDLE_IDENTIFIER = br.mackMobile.anarchyCompany.MiniChallenge4Tests;
				PRODUCT_NAME = "$(TARGET_NAME)";
				SWIFT_VERSION = 3.0;
				TEST_HOST = "$(BUILT_PRODUCTS_DIR)/MiniChallenge4.app/MiniChallenge4";
			};
			name = Debug;
		};
		BDBB59EA1F5DC02000AD5B9B /* Release */ = {
			isa = XCBuildConfiguration;
			buildSettings = {
				ALWAYS_EMBED_SWIFT_STANDARD_LIBRARIES = YES;
				BUNDLE_LOADER = "$(TEST_HOST)";
				DEVELOPMENT_TEAM = VLLH384AC4;
				INFOPLIST_FILE = MiniChallenge4Tests/Info.plist;
				LD_RUNPATH_SEARCH_PATHS = "$(inherited) @executable_path/Frameworks @loader_path/Frameworks";
				PRODUCT_BUNDLE_IDENTIFIER = br.mackMobile.anarchyCompany.MiniChallenge4Tests;
				PRODUCT_NAME = "$(TARGET_NAME)";
				SWIFT_VERSION = 3.0;
				TEST_HOST = "$(BUILT_PRODUCTS_DIR)/MiniChallenge4.app/MiniChallenge4";
			};
			name = Release;
		};
		BDBB59EC1F5DC02000AD5B9B /* Debug */ = {
			isa = XCBuildConfiguration;
			buildSettings = {
				ALWAYS_EMBED_SWIFT_STANDARD_LIBRARIES = YES;
				DEVELOPMENT_TEAM = VLLH384AC4;
				INFOPLIST_FILE = MiniChallenge4UITests/Info.plist;
				LD_RUNPATH_SEARCH_PATHS = "$(inherited) @executable_path/Frameworks @loader_path/Frameworks";
				PRODUCT_BUNDLE_IDENTIFIER = br.mackMobile.anarchyCompany.MiniChallenge4UITests;
				PRODUCT_NAME = "$(TARGET_NAME)";
				SWIFT_VERSION = 3.0;
				TEST_TARGET_NAME = MiniChallenge4;
			};
			name = Debug;
		};
		BDBB59ED1F5DC02000AD5B9B /* Release */ = {
			isa = XCBuildConfiguration;
			buildSettings = {
				ALWAYS_EMBED_SWIFT_STANDARD_LIBRARIES = YES;
				DEVELOPMENT_TEAM = VLLH384AC4;
				INFOPLIST_FILE = MiniChallenge4UITests/Info.plist;
				LD_RUNPATH_SEARCH_PATHS = "$(inherited) @executable_path/Frameworks @loader_path/Frameworks";
				PRODUCT_BUNDLE_IDENTIFIER = br.mackMobile.anarchyCompany.MiniChallenge4UITests;
				PRODUCT_NAME = "$(TARGET_NAME)";
				SWIFT_VERSION = 3.0;
				TEST_TARGET_NAME = MiniChallenge4;
			};
			name = Release;
		};
/* End XCBuildConfiguration section */

/* Begin XCConfigurationList section */
		BDBB59B21F5DC02000AD5B9B /* Build configuration list for PBXProject "MiniChallenge4" */ = {
			isa = XCConfigurationList;
			buildConfigurations = (
				BDBB59E31F5DC02000AD5B9B /* Debug */,
				BDBB59E41F5DC02000AD5B9B /* Release */,
			);
			defaultConfigurationIsVisible = 0;
			defaultConfigurationName = Release;
		};
		BDBB59E51F5DC02000AD5B9B /* Build configuration list for PBXNativeTarget "MiniChallenge4" */ = {
			isa = XCConfigurationList;
			buildConfigurations = (
				BDBB59E61F5DC02000AD5B9B /* Debug */,
				BDBB59E71F5DC02000AD5B9B /* Release */,
			);
			defaultConfigurationIsVisible = 0;
			defaultConfigurationName = Release;
		};
		BDBB59E81F5DC02000AD5B9B /* Build configuration list for PBXNativeTarget "MiniChallenge4Tests" */ = {
			isa = XCConfigurationList;
			buildConfigurations = (
				BDBB59E91F5DC02000AD5B9B /* Debug */,
				BDBB59EA1F5DC02000AD5B9B /* Release */,
			);
			defaultConfigurationIsVisible = 0;
			defaultConfigurationName = Release;
		};
		BDBB59EB1F5DC02000AD5B9B /* Build configuration list for PBXNativeTarget "MiniChallenge4UITests" */ = {
			isa = XCConfigurationList;
			buildConfigurations = (
				BDBB59EC1F5DC02000AD5B9B /* Debug */,
				BDBB59ED1F5DC02000AD5B9B /* Release */,
			);
			defaultConfigurationIsVisible = 0;
			defaultConfigurationName = Release;
		};
/* End XCConfigurationList section */
	};
	rootObject = BDBB59AF1F5DC02000AD5B9B /* Project object */;
}
